
Microsoft Visual Studio Solution File, Format Version 12.00
# Visual Studio 15
VisualStudioVersion = 15.0.28010.2046
MinimumVisualStudioVersion = 10.0.40219.1
Project("{FAE04EC0-301F-11D3-BF4B-00C04F79EFBC}") = "JiraMensageria", "JiraMensageria\JiraMensageria.csproj", "{2147534E-72E4-4543-A1F7-BCC27847EF7B}"
EndProject
Project("{FAE04EC0-301F-11D3-BF4B-00C04F79EFBC}") = "TesteFila", "TesteFila\TesteFila.csproj", "{3AFDC0CB-4C75-476D-A38D-1FD53DD5E535}"
EndProject
Project("{FAE04EC0-301F-11D3-BF4B-00C04F79EFBC}") = "ApiMessageRest", "ApiMessageRest\ApiMessageRest.csproj", "{D5C9203A-6911-4A2C-BB96-8CEBB4017707}"
EndProject
Project("{54435603-DBB4-11D2-8724-00A0C9A8B90C}") = "Jira", "Jira\Jira.vdproj", "{7A399F20-8B4F-43FC-87F8-054FD2EC6C5B}"
EndProject
Global
	GlobalSection(SolutionConfigurationPlatforms) = preSolution
		Debug|Any CPU = Debug|Any CPU
		Debug|x64 = Debug|x64
		Release|Any CPU = Release|Any CPU
		Release|x64 = Release|x64
	EndGlobalSection
	GlobalSection(ProjectConfigurationPlatforms) = postSolution
		{2147534E-72E4-4543-A1F7-BCC27847EF7B}.Debug|Any CPU.ActiveCfg = Debug|Any CPU
		{2147534E-72E4-4543-A1F7-BCC27847EF7B}.Debug|Any CPU.Build.0 = Debug|Any CPU
		{2147534E-72E4-4543-A1F7-BCC27847EF7B}.Debug|x64.ActiveCfg = Debug|Any CPU
		{2147534E-72E4-4543-A1F7-BCC27847EF7B}.Debug|x64.Build.0 = Debug|Any CPU
		{2147534E-72E4-4543-A1F7-BCC27847EF7B}.Release|Any CPU.ActiveCfg = Release|Any CPU
		{2147534E-72E4-4543-A1F7-BCC27847EF7B}.Release|Any CPU.Build.0 = Release|Any CPU
		{2147534E-72E4-4543-A1F7-BCC27847EF7B}.Release|x64.ActiveCfg = Release|Any CPU
		{2147534E-72E4-4543-A1F7-BCC27847EF7B}.Release|x64.Build.0 = Release|Any CPU
		{3AFDC0CB-4C75-476D-A38D-1FD53DD5E535}.Debug|Any CPU.ActiveCfg = Debug|Any CPU
		{3AFDC0CB-4C75-476D-A38D-1FD53DD5E535}.Debug|Any CPU.Build.0 = Debug|Any CPU
		{3AFDC0CB-4C75-476D-A38D-1FD53DD5E535}.Debug|x64.ActiveCfg = Debug|x64
		{3AFDC0CB-4C75-476D-A38D-1FD53DD5E535}.Debug|x64.Build.0 = Debug|x64
		{3AFDC0CB-4C75-476D-A38D-1FD53DD5E535}.Release|Any CPU.ActiveCfg = Release|Any CPU
		{3AFDC0CB-4C75-476D-A38D-1FD53DD5E535}.Release|Any CPU.Build.0 = Release|Any CPU
		{3AFDC0CB-4C75-476D-A38D-1FD53DD5E535}.Release|x64.ActiveCfg = Release|x64
		{3AFDC0CB-4C75-476D-A38D-1FD53DD5E535}.Release|x64.Build.0 = Release|x64
		{D5C9203A-6911-4A2C-BB96-8CEBB4017707}.Debug|Any CPU.ActiveCfg = Debug|Any CPU
		{D5C9203A-6911-4A2C-BB96-8CEBB4017707}.Debug|Any CPU.Build.0 = Debug|Any CPU
		{D5C9203A-6911-4A2C-BB96-8CEBB4017707}.Debug|x64.ActiveCfg = Debug|Any CPU
		{D5C9203A-6911-4A2C-BB96-8CEBB4017707}.Debug|x64.Build.0 = Debug|Any CPU
		{D5C9203A-6911-4A2C-BB96-8CEBB4017707}.Release|Any CPU.ActiveCfg = Release|Any CPU
		{D5C9203A-6911-4A2C-BB96-8CEBB4017707}.Release|Any CPU.Build.0 = Release|Any CPU
		{D5C9203A-6911-4A2C-BB96-8CEBB4017707}.Release|x64.ActiveCfg = Release|Any CPU
		{D5C9203A-6911-4A2C-BB96-8CEBB4017707}.Release|x64.Build.0 = Release|Any CPU
		{7A399F20-8B4F-43FC-87F8-054FD2EC6C5B}.Debug|Any CPU.ActiveCfg = Debug
		{7A399F20-8B4F-43FC-87F8-054FD2EC6C5B}.Debug|Any CPU.Build.0 = Debug
		{7A399F20-8B4F-43FC-87F8-054FD2EC6C5B}.Debug|x64.ActiveCfg = Debug
		{7A399F20-8B4F-43FC-87F8-054FD2EC6C5B}.Debug|x64.Build.0 = Debug
		{7A399F20-8B4F-43FC-87F8-054FD2EC6C5B}.Release|Any CPU.ActiveCfg = Release
		{7A399F20-8B4F-43FC-87F8-054FD2EC6C5B}.Release|x64.ActiveCfg = Release
		{7A399F20-8B4F-43FC-87F8-054FD2EC6C5B}.Release|x64.Build.0 = Release
	EndGlobalSection
	GlobalSection(SolutionProperties) = preSolution
		HideSolutionNode = FALSE
	EndGlobalSection
	GlobalSection(ExtensibilityGlobals) = postSolution
		SolutionGuid = {C3CA33CE-5681-4A8F-A8DB-EF0AC6923697}
	EndGlobalSection
EndGlobal
